
Microsoft Visual Studio Solution File, Format Version 12.00
# Visual Studio Version 17
VisualStudioVersion = 17.0.32014.148
MinimumVisualStudioVersion = 10.0.40219.1
Project("{8BC9CEB8-8B4A-11D0-8D11-00A0C91BC942}") = "Doom3", "Doom3.vcxproj", "{35FC0630-EA2A-49FD-9AD7-23C2521FF18D}"
	ProjectSection(ProjectDependencies) = postProject
		{17B20472-246C-42B3-B9E8-22C9992C69A2} = {17B20472-246C-42B3-B9E8-22C9992C69A2}
		{9514E175-CE02-4324-9712-4A01BC153065} = {9514E175-CE02-4324-9712-4A01BC153065}
		{607B18BF-0997-4B4F-885A-D30EE2546EF8} = {607B18BF-0997-4B4F-885A-D30EE2546EF8}
	EndProjectSection
EndProject
Project("{FAE04EC0-301F-11D3-BF4B-00C04F79EFBC}") = "clReflect_automation", "Source\Core\Reflection\clReflect_automation\clReflect_automation\clReflect_automation.csproj", "{17B20472-246C-42B3-B9E8-22C9992C69A2}"
EndProject
Project("{8BC9CEB8-8B4A-11D0-8D11-00A0C91BC942}") = "OpenGLGraphicsAPI", "..\OpenGLGraphicsAPI\OpenGLGraphicsAPI.vcxproj", "{607B18BF-0997-4B4F-885A-D30EE2546EF8}"
EndProject
Project("{8BC9CEB8-8B4A-11D0-8D11-00A0C91BC942}") = "DX11GraphicsAPI", "..\DX11GraphicsAPI\DX11GraphicsAPI.vcxproj", "{9514E175-CE02-4324-9712-4A01BC153065}"
EndProject
Project("{8BC9CEB8-8B4A-11D0-8D11-00A0C91BC942}") = "unit_tests", "..\unit_tests\unit_tests.vcxproj", "{2FEEA639-1740-4619-AFD5-D8F9042BA887}"
EndProject
Global
	GlobalSection(SolutionConfigurationPlatforms) = preSolution
		Debug|x64 = Debug|x64
		Release|x64 = Release|x64
	EndGlobalSection
	GlobalSection(ProjectConfigurationPlatforms) = postSolution
		{35FC0630-EA2A-49FD-9AD7-23C2521FF18D}.Debug|x64.ActiveCfg = Debug|x64
		{35FC0630-EA2A-49FD-9AD7-23C2521FF18D}.Debug|x64.Build.0 = Debug|x64
		{35FC0630-EA2A-49FD-9AD7-23C2521FF18D}.Release|x64.ActiveCfg = Release|x64
		{35FC0630-EA2A-49FD-9AD7-23C2521FF18D}.Release|x64.Build.0 = Release|x64
		{17B20472-246C-42B3-B9E8-22C9992C69A2}.Debug|x64.ActiveCfg = Debug|x64
		{17B20472-246C-42B3-B9E8-22C9992C69A2}.Debug|x64.Build.0 = Debug|x64
		{17B20472-246C-42B3-B9E8-22C9992C69A2}.Release|x64.ActiveCfg = Release|x64
		{17B20472-246C-42B3-B9E8-22C9992C69A2}.Release|x64.Build.0 = Release|x64
		{607B18BF-0997-4B4F-885A-D30EE2546EF8}.Debug|x64.ActiveCfg = Debug|x64
		{607B18BF-0997-4B4F-885A-D30EE2546EF8}.Debug|x64.Build.0 = Debug|x64
		{607B18BF-0997-4B4F-885A-D30EE2546EF8}.Release|x64.ActiveCfg = Release|x64
		{607B18BF-0997-4B4F-885A-D30EE2546EF8}.Release|x64.Build.0 = Release|x64
		{9514E175-CE02-4324-9712-4A01BC153065}.Debug|x64.ActiveCfg = Debug|x64
		{9514E175-CE02-4324-9712-4A01BC153065}.Debug|x64.Build.0 = Debug|x64
		{9514E175-CE02-4324-9712-4A01BC153065}.Release|x64.ActiveCfg = Release|x64
		{9514E175-CE02-4324-9712-4A01BC153065}.Release|x64.Build.0 = Release|x64
		{2FEEA639-1740-4619-AFD5-D8F9042BA887}.Debug|x64.ActiveCfg = Debug|x64
		{2FEEA639-1740-4619-AFD5-D8F9042BA887}.Debug|x64.Build.0 = Debug|x64
		{2FEEA639-1740-4619-AFD5-D8F9042BA887}.Release|x64.ActiveCfg = Release|x64
		{2FEEA639-1740-4619-AFD5-D8F9042BA887}.Release|x64.Build.0 = Release|x64
	EndGlobalSection
	GlobalSection(SolutionProperties) = preSolution
		HideSolutionNode = FALSE
	EndGlobalSection
	GlobalSection(ExtensibilityGlobals) = postSolution
		SolutionGuid = {D7FAB437-B0D4-4D7A-AE67-EE7D60B7405A}
	EndGlobalSection
EndGlobal
