
Microsoft Visual Studio Solution File, Format Version 12.00
# Visual Studio Version 17
VisualStudioVersion = 17.0.32014.148
MinimumVisualStudioVersion = 10.0.40219.1
Project("{8BC9CEB8-8B4A-11D0-8D11-00A0C91BC942}") = "Doom3", "Doom3.vcxproj", "{35FC0630-EA2A-49FD-9AD7-23C2521FF18D}"
	ProjectSection(ProjectDependencies) = postProject
		{17B20472-246C-42B3-B9E8-22C9992C69A2} = {17B20472-246C-42B3-B9E8-22C9992C69A2}
		{9514E175-CE02-4324-9712-4A01BC153065} = {9514E175-CE02-4324-9712-4A01BC153065}
		{607B18BF-0997-4B4F-885A-D30EE2546EF8} = {607B18BF-0997-4B4F-885A-D30EE2546EF8}
	EndProjectSection
EndProject
Project("{8BC9CEB8-8B4A-11D0-8D11-00A0C91BC942}") = "MapEditor", "..\MapEditor\MapEditor.vcxproj", "{9E16B2A1-E376-44FF-82C1-440AC96D7467}"
EndProject
Project("{FAE04EC0-301F-11D3-BF4B-00C04F79EFBC}") = "clReflect_automation", "Source\Core\Reflection\clReflect_automation\clReflect_automation\clReflect_automation.csproj", "{17B20472-246C-42B3-B9E8-22C9992C69A2}"
EndProject
Project("{8BC9CEB8-8B4A-11D0-8D11-00A0C91BC942}") = "OpenGLGraphicsAPI", "..\OpenGLGraphicsAPI\OpenGLGraphicsAPI.vcxproj", "{607B18BF-0997-4B4F-885A-D30EE2546EF8}"
EndProject
Project("{8BC9CEB8-8B4A-11D0-8D11-00A0C91BC942}") = "DX11GraphicsAPI", "..\DX11GraphicsAPI\DX11GraphicsAPI.vcxproj", "{9514E175-CE02-4324-9712-4A01BC153065}"
EndProject
Global
	GlobalSection(SolutionConfigurationPlatforms) = preSolution
		Debug|Any CPU = Debug|Any CPU
		Debug|x64 = Debug|x64
		Debug|x86 = Debug|x86
		MinSizeRel|Any CPU = MinSizeRel|Any CPU
		MinSizeRel|x64 = MinSizeRel|x64
		MinSizeRel|x86 = MinSizeRel|x86
		Release|Any CPU = Release|Any CPU
		Release|x64 = Release|x64
		Release|x86 = Release|x86
		RelWithDebInfo|Any CPU = RelWithDebInfo|Any CPU
		RelWithDebInfo|x64 = RelWithDebInfo|x64
		RelWithDebInfo|x86 = RelWithDebInfo|x86
	EndGlobalSection
	GlobalSection(ProjectConfigurationPlatforms) = postSolution
		{35FC0630-EA2A-49FD-9AD7-23C2521FF18D}.Debug|Any CPU.ActiveCfg = Debug|Win32
		{35FC0630-EA2A-49FD-9AD7-23C2521FF18D}.Debug|x64.ActiveCfg = Debug|x64
		{35FC0630-EA2A-49FD-9AD7-23C2521FF18D}.Debug|x64.Build.0 = Debug|x64
		{35FC0630-EA2A-49FD-9AD7-23C2521FF18D}.Debug|x86.ActiveCfg = Debug|Win32
		{35FC0630-EA2A-49FD-9AD7-23C2521FF18D}.Debug|x86.Build.0 = Debug|Win32
		{35FC0630-EA2A-49FD-9AD7-23C2521FF18D}.MinSizeRel|Any CPU.ActiveCfg = AMDuProf|Win32
		{35FC0630-EA2A-49FD-9AD7-23C2521FF18D}.MinSizeRel|Any CPU.Build.0 = AMDuProf|Win32
		{35FC0630-EA2A-49FD-9AD7-23C2521FF18D}.MinSizeRel|x64.ActiveCfg = AMDuProf|x64
		{35FC0630-EA2A-49FD-9AD7-23C2521FF18D}.MinSizeRel|x64.Build.0 = AMDuProf|x64
		{35FC0630-EA2A-49FD-9AD7-23C2521FF18D}.MinSizeRel|x86.ActiveCfg = AMDuProf|Win32
		{35FC0630-EA2A-49FD-9AD7-23C2521FF18D}.MinSizeRel|x86.Build.0 = AMDuProf|Win32
		{35FC0630-EA2A-49FD-9AD7-23C2521FF18D}.Release|Any CPU.ActiveCfg = Release|Win32
		{35FC0630-EA2A-49FD-9AD7-23C2521FF18D}.Release|x64.ActiveCfg = Release|x64
		{35FC0630-EA2A-49FD-9AD7-23C2521FF18D}.Release|x64.Build.0 = Release|x64
		{35FC0630-EA2A-49FD-9AD7-23C2521FF18D}.Release|x86.ActiveCfg = Release|Win32
		{35FC0630-EA2A-49FD-9AD7-23C2521FF18D}.Release|x86.Build.0 = Release|Win32
		{35FC0630-EA2A-49FD-9AD7-23C2521FF18D}.RelWithDebInfo|Any CPU.ActiveCfg = AMDuProf|Win32
		{35FC0630-EA2A-49FD-9AD7-23C2521FF18D}.RelWithDebInfo|Any CPU.Build.0 = AMDuProf|Win32
		{35FC0630-EA2A-49FD-9AD7-23C2521FF18D}.RelWithDebInfo|x64.ActiveCfg = Release|x64
		{35FC0630-EA2A-49FD-9AD7-23C2521FF18D}.RelWithDebInfo|x64.Build.0 = Release|x64
		{35FC0630-EA2A-49FD-9AD7-23C2521FF18D}.RelWithDebInfo|x86.ActiveCfg = Release|Win32
		{35FC0630-EA2A-49FD-9AD7-23C2521FF18D}.RelWithDebInfo|x86.Build.0 = Release|Win32
		{9E16B2A1-E376-44FF-82C1-440AC96D7467}.Debug|Any CPU.ActiveCfg = Debug|Win32
		{9E16B2A1-E376-44FF-82C1-440AC96D7467}.Debug|x64.ActiveCfg = Debug|x64
		{9E16B2A1-E376-44FF-82C1-440AC96D7467}.Debug|x64.Build.0 = Debug|x64
		{9E16B2A1-E376-44FF-82C1-440AC96D7467}.Debug|x86.ActiveCfg = Debug|Win32
		{9E16B2A1-E376-44FF-82C1-440AC96D7467}.Debug|x86.Build.0 = Debug|Win32
		{9E16B2A1-E376-44FF-82C1-440AC96D7467}.MinSizeRel|Any CPU.ActiveCfg = AMDuProf|Win32
		{9E16B2A1-E376-44FF-82C1-440AC96D7467}.MinSizeRel|Any CPU.Build.0 = AMDuProf|Win32
		{9E16B2A1-E376-44FF-82C1-440AC96D7467}.MinSizeRel|x64.ActiveCfg = AMDuProf|x64
		{9E16B2A1-E376-44FF-82C1-440AC96D7467}.MinSizeRel|x64.Build.0 = AMDuProf|x64
		{9E16B2A1-E376-44FF-82C1-440AC96D7467}.MinSizeRel|x86.ActiveCfg = AMDuProf|Win32
		{9E16B2A1-E376-44FF-82C1-440AC96D7467}.MinSizeRel|x86.Build.0 = AMDuProf|Win32
		{9E16B2A1-E376-44FF-82C1-440AC96D7467}.Release|Any CPU.ActiveCfg = Release|Win32
		{9E16B2A1-E376-44FF-82C1-440AC96D7467}.Release|x64.ActiveCfg = Release|x64
		{9E16B2A1-E376-44FF-82C1-440AC96D7467}.Release|x64.Build.0 = Release|x64
		{9E16B2A1-E376-44FF-82C1-440AC96D7467}.Release|x86.ActiveCfg = Release|Win32
		{9E16B2A1-E376-44FF-82C1-440AC96D7467}.Release|x86.Build.0 = Release|Win32
		{9E16B2A1-E376-44FF-82C1-440AC96D7467}.RelWithDebInfo|Any CPU.ActiveCfg = AMDuProf|Win32
		{9E16B2A1-E376-44FF-82C1-440AC96D7467}.RelWithDebInfo|Any CPU.Build.0 = AMDuProf|Win32
		{9E16B2A1-E376-44FF-82C1-440AC96D7467}.RelWithDebInfo|x64.ActiveCfg = Release|x64
		{9E16B2A1-E376-44FF-82C1-440AC96D7467}.RelWithDebInfo|x64.Build.0 = Release|x64
		{9E16B2A1-E376-44FF-82C1-440AC96D7467}.RelWithDebInfo|x86.ActiveCfg = Release|Win32
		{9E16B2A1-E376-44FF-82C1-440AC96D7467}.RelWithDebInfo|x86.Build.0 = Release|Win32
		{17B20472-246C-42B3-B9E8-22C9992C69A2}.Debug|Any CPU.ActiveCfg = Debug|Any CPU
		{17B20472-246C-42B3-B9E8-22C9992C69A2}.Debug|Any CPU.Build.0 = Debug|Any CPU
		{17B20472-246C-42B3-B9E8-22C9992C69A2}.Debug|x64.ActiveCfg = Debug|x64
		{17B20472-246C-42B3-B9E8-22C9992C69A2}.Debug|x64.Build.0 = Debug|x64
		{17B20472-246C-42B3-B9E8-22C9992C69A2}.Debug|x86.ActiveCfg = Debug|Any CPU
		{17B20472-246C-42B3-B9E8-22C9992C69A2}.Debug|x86.Build.0 = Debug|Any CPU
		{17B20472-246C-42B3-B9E8-22C9992C69A2}.MinSizeRel|Any CPU.ActiveCfg = Release|Any CPU
		{17B20472-246C-42B3-B9E8-22C9992C69A2}.MinSizeRel|Any CPU.Build.0 = Release|Any CPU
		{17B20472-246C-42B3-B9E8-22C9992C69A2}.MinSizeRel|x64.ActiveCfg = Release|x64
		{17B20472-246C-42B3-B9E8-22C9992C69A2}.MinSizeRel|x64.Build.0 = Release|x64
		{17B20472-246C-42B3-B9E8-22C9992C69A2}.MinSizeRel|x86.ActiveCfg = Release|Any CPU
		{17B20472-246C-42B3-B9E8-22C9992C69A2}.MinSizeRel|x86.Build.0 = Release|Any CPU
		{17B20472-246C-42B3-B9E8-22C9992C69A2}.Release|Any CPU.ActiveCfg = Release|Any CPU
		{17B20472-246C-42B3-B9E8-22C9992C69A2}.Release|Any CPU.Build.0 = Release|Any CPU
		{17B20472-246C-42B3-B9E8-22C9992C69A2}.Release|x64.ActiveCfg = Release|x64
		{17B20472-246C-42B3-B9E8-22C9992C69A2}.Release|x64.Build.0 = Release|x64
		{17B20472-246C-42B3-B9E8-22C9992C69A2}.Release|x86.ActiveCfg = Release|Any CPU
		{17B20472-246C-42B3-B9E8-22C9992C69A2}.Release|x86.Build.0 = Release|Any CPU
		{17B20472-246C-42B3-B9E8-22C9992C69A2}.RelWithDebInfo|Any CPU.ActiveCfg = Release|Any CPU
		{17B20472-246C-42B3-B9E8-22C9992C69A2}.RelWithDebInfo|Any CPU.Build.0 = Release|Any CPU
		{17B20472-246C-42B3-B9E8-22C9992C69A2}.RelWithDebInfo|x64.ActiveCfg = Release|x64
		{17B20472-246C-42B3-B9E8-22C9992C69A2}.RelWithDebInfo|x64.Build.0 = Release|x64
		{17B20472-246C-42B3-B9E8-22C9992C69A2}.RelWithDebInfo|x86.ActiveCfg = Release|Any CPU
		{17B20472-246C-42B3-B9E8-22C9992C69A2}.RelWithDebInfo|x86.Build.0 = Release|Any CPU
		{607B18BF-0997-4B4F-885A-D30EE2546EF8}.Debug|Any CPU.ActiveCfg = Debug|Win32
		{607B18BF-0997-4B4F-885A-D30EE2546EF8}.Debug|x64.ActiveCfg = Debug|x64
		{607B18BF-0997-4B4F-885A-D30EE2546EF8}.Debug|x64.Build.0 = Debug|x64
		{607B18BF-0997-4B4F-885A-D30EE2546EF8}.Debug|x86.ActiveCfg = Debug|Win32
		{607B18BF-0997-4B4F-885A-D30EE2546EF8}.Debug|x86.Build.0 = Debug|Win32
		{607B18BF-0997-4B4F-885A-D30EE2546EF8}.MinSizeRel|Any CPU.ActiveCfg = Debug|Win32
		{607B18BF-0997-4B4F-885A-D30EE2546EF8}.MinSizeRel|Any CPU.Build.0 = Debug|Win32
		{607B18BF-0997-4B4F-885A-D30EE2546EF8}.MinSizeRel|x64.ActiveCfg = Debug|x64
		{607B18BF-0997-4B4F-885A-D30EE2546EF8}.MinSizeRel|x64.Build.0 = Debug|x64
		{607B18BF-0997-4B4F-885A-D30EE2546EF8}.MinSizeRel|x86.ActiveCfg = Debug|Win32
		{607B18BF-0997-4B4F-885A-D30EE2546EF8}.MinSizeRel|x86.Build.0 = Debug|Win32
		{607B18BF-0997-4B4F-885A-D30EE2546EF8}.Release|Any CPU.ActiveCfg = Release|Win32
		{607B18BF-0997-4B4F-885A-D30EE2546EF8}.Release|x64.ActiveCfg = Release|x64
		{607B18BF-0997-4B4F-885A-D30EE2546EF8}.Release|x64.Build.0 = Release|x64
		{607B18BF-0997-4B4F-885A-D30EE2546EF8}.Release|x86.ActiveCfg = Release|Win32
		{607B18BF-0997-4B4F-885A-D30EE2546EF8}.Release|x86.Build.0 = Release|Win32
		{607B18BF-0997-4B4F-885A-D30EE2546EF8}.RelWithDebInfo|Any CPU.ActiveCfg = Debug|Win32
		{607B18BF-0997-4B4F-885A-D30EE2546EF8}.RelWithDebInfo|Any CPU.Build.0 = Debug|Win32
		{607B18BF-0997-4B4F-885A-D30EE2546EF8}.RelWithDebInfo|x64.ActiveCfg = Release|x64
		{607B18BF-0997-4B4F-885A-D30EE2546EF8}.RelWithDebInfo|x64.Build.0 = Release|x64
		{607B18BF-0997-4B4F-885A-D30EE2546EF8}.RelWithDebInfo|x86.ActiveCfg = Release|Win32
		{607B18BF-0997-4B4F-885A-D30EE2546EF8}.RelWithDebInfo|x86.Build.0 = Release|Win32
		{9514E175-CE02-4324-9712-4A01BC153065}.Debug|Any CPU.ActiveCfg = Debug|Win32
		{9514E175-CE02-4324-9712-4A01BC153065}.Debug|x64.ActiveCfg = Debug|x64
		{9514E175-CE02-4324-9712-4A01BC153065}.Debug|x64.Build.0 = Debug|x64
		{9514E175-CE02-4324-9712-4A01BC153065}.Debug|x86.ActiveCfg = Debug|Win32
		{9514E175-CE02-4324-9712-4A01BC153065}.Debug|x86.Build.0 = Debug|Win32
		{9514E175-CE02-4324-9712-4A01BC153065}.MinSizeRel|Any CPU.ActiveCfg = Debug|Win32
		{9514E175-CE02-4324-9712-4A01BC153065}.MinSizeRel|Any CPU.Build.0 = Debug|Win32
		{9514E175-CE02-4324-9712-4A01BC153065}.MinSizeRel|x64.ActiveCfg = Debug|x64
		{9514E175-CE02-4324-9712-4A01BC153065}.MinSizeRel|x64.Build.0 = Debug|x64
		{9514E175-CE02-4324-9712-4A01BC153065}.MinSizeRel|x86.ActiveCfg = Debug|Win32
		{9514E175-CE02-4324-9712-4A01BC153065}.MinSizeRel|x86.Build.0 = Debug|Win32
		{9514E175-CE02-4324-9712-4A01BC153065}.Release|Any CPU.ActiveCfg = Release|Win32
		{9514E175-CE02-4324-9712-4A01BC153065}.Release|x64.ActiveCfg = Release|x64
		{9514E175-CE02-4324-9712-4A01BC153065}.Release|x64.Build.0 = Release|x64
		{9514E175-CE02-4324-9712-4A01BC153065}.Release|x86.ActiveCfg = Release|Win32
		{9514E175-CE02-4324-9712-4A01BC153065}.Release|x86.Build.0 = Release|Win32
		{9514E175-CE02-4324-9712-4A01BC153065}.RelWithDebInfo|Any CPU.ActiveCfg = Debug|Win32
		{9514E175-CE02-4324-9712-4A01BC153065}.RelWithDebInfo|Any CPU.Build.0 = Debug|Win32
		{9514E175-CE02-4324-9712-4A01BC153065}.RelWithDebInfo|x64.ActiveCfg = Release|x64
		{9514E175-CE02-4324-9712-4A01BC153065}.RelWithDebInfo|x64.Build.0 = Release|x64
		{9514E175-CE02-4324-9712-4A01BC153065}.RelWithDebInfo|x86.ActiveCfg = Release|Win32
		{9514E175-CE02-4324-9712-4A01BC153065}.RelWithDebInfo|x86.Build.0 = Release|Win32
	EndGlobalSection
	GlobalSection(SolutionProperties) = preSolution
		HideSolutionNode = FALSE
	EndGlobalSection
	GlobalSection(ExtensibilityGlobals) = postSolution
		SolutionGuid = {D7FAB437-B0D4-4D7A-AE67-EE7D60B7405A}
	EndGlobalSection
EndGlobal
