<?xml version="1.0" encoding="utf-8"?>
<Project ToolsVersion="4.0" xmlns="http://schemas.microsoft.com/developer/msbuild/2003">
  <ItemGroup>
    <Filter Include="Source Files">
      <UniqueIdentifier>{4FC737F1-C7A5-4376-A066-2A32D752A2FF}</UniqueIdentifier>
      <Extensions>cpp;c;cc;cxx;c++;cppm;ixx;def;odl;idl;hpj;bat;asm;asmx</Extensions>
    </Filter>
    <Filter Include="Header Files">
      <UniqueIdentifier>{93995380-89BD-4b04-88EB-625FBE52EBFB}</UniqueIdentifier>
      <Extensions>h;hh;hpp;hxx;h++;hm;inl;inc;ipp;xsd</Extensions>
    </Filter>
    <Filter Include="Resource Files">
      <UniqueIdentifier>{67DA6AB6-F800-4c08-8B7A-83BB121AAD01}</UniqueIdentifier>
      <Extensions>rc;ico;cur;bmp;dlg;rc2;rct;bin;rgs;gif;jpg;jpeg;jpe;resx;tiff;tif;png;wav;mfcribbon-ms</Extensions>
    </Filter>
  </ItemGroup>
  <ItemGroup>
    <ClCompile Include="Source\Core\Game\GameCore.cpp">
      <Filter>Source Files</Filter>
    </ClCompile>
    <ClCompile Include="stdafx.cpp">
      <Filter>Source Files</Filter>
    </ClCompile>
    <ClCompile Include="Source\Component\Transform.cpp">
      <Filter>Source Files</Filter>
    </ClCompile>
    <ClCompile Include="Source\Core\Random.cpp">
      <Filter>Source Files</Filter>
    </ClCompile>
    <ClCompile Include="Source\Core\IO\AssetImporter\AssetImporter.cpp">
      <Filter>Source Files</Filter>
    </ClCompile>
    <ClCompile Include="Source\Core\Asset\ShaderAsset.cpp">
      <Filter>Source Files</Filter>
    </ClCompile>
    <ClCompile Include="Source\Core\Graphics\Material.cpp">
      <Filter>Source Files</Filter>
    </ClCompile>
    <ClCompile Include="Source\Core\Math\LightMath_Cpp\Matrix.cpp">
      <Filter>Source Files</Filter>
    </ClCompile>
    <ClCompile Include="Source\Core\Asset\Base_Asset.cpp">
      <Filter>Source Files</Filter>
    </ClCompile>
    <ClCompile Include="Source\Core\Graphics\Buffer\Buffer.cpp">
      <Filter>Source Files</Filter>
    </ClCompile>
    <ClCompile Include="Source\Core\Asset\ThreeDModelAsset.cpp">
      <Filter>Source Files</Filter>
    </ClCompile>
    <ClCompile Include="Source\Core\Graphics\Buffer\Mesh.cpp">
      <Filter>Source Files</Filter>
    </ClCompile>
    <ClCompile Include="Source\Core\Profiler\Profiler.cpp">
      <Filter>Source Files</Filter>
    </ClCompile>
    <ClCompile Include="Source\Core\ResourceManagement\Pool\MemoryPool.cpp">
      <Filter>Source Files</Filter>
    </ClCompile>
    <ClCompile Include="Source\Helper\SimpleIniParser.cpp">
      <Filter>Source Files</Filter>
    </ClCompile>
    <ClCompile Include="Source\Core\Math\LightMath_Cpp\Quaternion.cpp">
      <Filter>Source Files</Filter>
    </ClCompile>
    <ClCompile Include="Source\Core\Math\LightMath_Cpp\Vector3.cpp">
      <Filter>Source Files</Filter>
    </ClCompile>
    <ClCompile Include="Source\Core\Logger\Logger.cpp">
      <Filter>Source Files</Filter>
    </ClCompile>
    <ClCompile Include="Source\Core\Math\LightMath_Cpp\Vector1.cpp">
      <Filter>Source Files</Filter>
    </ClCompile>
    <ClCompile Include="Source\Core\Math\LightMath_Cpp\Vector2.cpp">
      <Filter>Source Files</Filter>
    </ClCompile>
    <ClCompile Include="Source\Core\Math\LightMath_Cpp\Vector4.cpp">
      <Filter>Source Files</Filter>
    </ClCompile>
    <ClCompile Include="Source\Core\Macros\Path.cpp">
      <Filter>Source Files</Filter>
    </ClCompile>
    <ClCompile Include="Source\Core\Graphics\Buffer\UniformBufferObject.cpp">
      <Filter>Source Files</Filter>
    </ClCompile>
    <ClCompile Include="Source\Core\Graphics\Buffer\UniformBufferObjectManager.cpp">
      <Filter>Source Files</Filter>
    </ClCompile>
    <ClCompile Include="Source\Helper\TextImporter.cpp">
      <Filter>Source Files</Filter>
    </ClCompile>
    <ClCompile Include="Source\Core\Graphics\OverlapBindChecker.cpp">
      <Filter>Source Files</Filter>
    </ClCompile>
    <ClCompile Include="Source\Core\Graphics\Buffer\UniformBufferObjectTempBufferUpdater.cpp">
      <Filter>Source Files</Filter>
    </ClCompile>
    <ClCompile Include="Source\Core\Graphics\SceneGraphics.cpp">
      <Filter>Source Files</Filter>
    </ClCompile>
    <ClCompile Include="Source\Component\Core\Component.cpp">
      <Filter>Source Files</Filter>
    </ClCompile>
    <ClCompile Include="Source\Core\Scene\Entity.cpp">
      <Filter>Source Files</Filter>
    </ClCompile>
    <ClCompile Include="Source\Core\Scene\Scene.cpp">
      <Filter>Source Files</Filter>
    </ClCompile>
    <ClCompile Include="Source\Core\Scene\SharedScene.cpp">
      <Filter>Source Files</Filter>
    </ClCompile>
    <ClCompile Include="Source\Core\Scene\SharedSceneSetting.cpp">
      <Filter>Source Files</Filter>
    </ClCompile>
    <ClCompile Include="Source\Core\Graphics\GraphicsAPI.cpp">
      <Filter>Source Files</Filter>
    </ClCompile>
    <ClCompile Include="Source\Component\Core\PlainComponent.cpp">
      <Filter>Source Files</Filter>
    </ClCompile>
    <ClCompile Include="Source\Core\Physics\PhysicsSetting.cpp">
      <Filter>Source Files</Filter>
    </ClCompile>
    <ClCompile Include="Source\Core\Asset\TextAsset.cpp">
      <Filter>Source Files</Filter>
    </ClCompile>
    <ClCompile Include="Source\Core\Graphics\Graphics_Server.cpp">
      <Filter>Source Files</Filter>
    </ClCompile>
    <ClCompile Include="Source\Core\Physics\Physics_Server.cpp">
      <Filter>Source Files</Filter>
    </ClCompile>
    <ClCompile Include="Source\Component\Core\ServerComponent.cpp">
      <Filter>Source Files</Filter>
    </ClCompile>
    <ClCompile Include="Source\GameLogic\Test.cpp">
      <Filter>Source Files</Filter>
    </ClCompile>
    <ClCompile Include="Source\Core\Game\IGameFlow.cpp">
      <Filter>Source Files</Filter>
    </ClCompile>
    <ClCompile Include="Source\Core\IO\UserInput_Server.cpp">
      <Filter>Source Files</Filter>
    </ClCompile>
    <ClCompile Include="Source\GameLogic\CustomComponent\Move_WASD.cpp">
      <Filter>Source Files</Filter>
    </ClCompile>
    <ClCompile Include="Source\Core\Time\Time_Server.cpp">
      <Filter>Source Files</Filter>
    </ClCompile>
    <ClCompile Include="Source\Core\IO\AssetImporter\AssetImporterWorker_Texture.cpp">
      <Filter>Source Files</Filter>
    </ClCompile>
    <ClCompile Include="Source\Core\Graphics\FrameBuffer\FrameBuffer.cpp">
      <Filter>Source Files</Filter>
    </ClCompile>
    <ClCompile Include="Source\Core\Graphics\FrameBuffer\RenderBuffer.cpp">
      <Filter>Source Files</Filter>
    </ClCompile>
    <ClCompile Include="Source\Core\Asset\TextureAsset.cpp">
      <Filter>Source Files</Filter>
    </ClCompile>
    <ClCompile Include="Source\GameLogic\CustomComponent\AutoRotate.cpp">
      <Filter>Source Files</Filter>
    </ClCompile>
    <ClCompile Include="Source\Core\Graphics\DebugGraphics.cpp">
      <Filter>Source Files</Filter>
    </ClCompile>
    <ClCompile Include="Source\Core\Physics\Picking.cpp">
      <Filter>Source Files</Filter>
    </ClCompile>
    <ClCompile Include="Source\GameLogic\CustomComponent\TestComponent.cpp">
      <Filter>Source Files</Filter>
    </ClCompile>
    <ClCompile Include="Source\Component\PhysicsComponent\BoxCollider2D.cpp">
      <Filter>Source Files</Filter>
    </ClCompile>
    <ClCompile Include="Source\Component\PhysicsComponent\BoxCollider3D.cpp">
      <Filter>Source Files</Filter>
    </ClCompile>
    <ClCompile Include="Source\Component\PhysicsComponent\CapsuleCollider3D.cpp">
      <Filter>Source Files</Filter>
    </ClCompile>
    <ClCompile Include="Source\Component\PhysicsComponent\CircleCollider2D.cpp">
      <Filter>Source Files</Filter>
    </ClCompile>
    <ClCompile Include="Source\Component\PhysicsComponent\SphereCollider3D.cpp">
      <Filter>Source Files</Filter>
    </ClCompile>
    <ClCompile Include="Source\Core\Time\MainTimer.cpp">
      <Filter>Source Files</Filter>
    </ClCompile>
    <ClCompile Include="Source\GameLogic\CustomComponent\AxisDebugger.cpp">
      <Filter>Source Files</Filter>
    </ClCompile>
    <ClCompile Include="Source\Helper\EasyDirtyChecker\DirtySender.cpp">
      <Filter>Source Files</Filter>
    </ClCompile>
    <ClCompile Include="Source\Component\PhysicsComponent\ColliderComponent.cpp">
      <Filter>Source Files</Filter>
    </ClCompile>
    <ClCompile Include="Source\Component\PhysicsComponent\Collider3DComponent.cpp">
      <Filter>Source Files</Filter>
    </ClCompile>
    <ClCompile Include="Source\Component\PhysicsComponent\Collider2DComponent.cpp">
      <Filter>Source Files</Filter>
    </ClCompile>
    <ClCompile Include="Source\Component\PhysicsComponent\MeshCollider.cpp">
      <Filter>Source Files</Filter>
    </ClCompile>
    <ClCompile Include="Source\Core\Physics\Collider\AABB.cpp">
      <Filter>Source Files</Filter>
    </ClCompile>
    <ClCompile Include="Source\Core\Physics\Collider\CapsuleCollider.cpp">
      <Filter>Source Files</Filter>
    </ClCompile>
    <ClCompile Include="Source\Core\Physics\Collider\Circle2D.cpp">
      <Filter>Source Files</Filter>
    </ClCompile>
    <ClCompile Include="Source\Core\Physics\Collider\Line.cpp">
      <Filter>Source Files</Filter>
    </ClCompile>
    <ClCompile Include="Source\Core\Physics\Collider\Plane.cpp">
      <Filter>Source Files</Filter>
    </ClCompile>
    <ClCompile Include="Source\Core\Physics\Collider\Ray.cpp">
      <Filter>Source Files</Filter>
    </ClCompile>
    <ClCompile Include="Source\Core\Physics\Collider\PhysicsGeneric.cpp">
      <Filter>Source Files</Filter>
    </ClCompile>
    <ClCompile Include="Source\Core\Physics\Collider\Sphere.cpp">
      <Filter>Source Files</Filter>
    </ClCompile>
    <ClCompile Include="Source\Core\Physics\Collider\RenderPhysics.cpp">
      <Filter>Source Files</Filter>
    </ClCompile>
    <ClCompile Include="Source\Core\OS\Window.cpp">
      <Filter>Source Files</Filter>
    </ClCompile>
    <ClCompile Include="Source\Core\OS\OS_Server.cpp">
      <Filter>Source Files</Filter>
    </ClCompile>
    <ClCompile Include="Source\Core\Physics\Collider\ColliderSolution.cpp">
      <Filter>Source Files</Filter>
    </ClCompile>
    <ClCompile Include="Source\Core\IO\AssetImporter\AssetImporterWorker_Three_D_Model.cpp">
      <Filter>Source Files</Filter>
    </ClCompile>
    <ClCompile Include="Source\Core\IO\AssetImporter\AssetApiImporter.cpp">
      <Filter>Source Files</Filter>
    </ClCompile>
    <ClCompile Include="Source\Core\IO\AssetImporter\AssetImporterWorker_Audio.cpp">
      <Filter>Source Files</Filter>
    </ClCompile>
    <ClCompile Include="Source\Core\IO\AssetImporter\AssetImporterWorker_Font.cpp">
      <Filter>Source Files</Filter>
    </ClCompile>
    <ClCompile Include="Source\Core\IO\AssetImporter\AssetImporterWorker_Shader.cpp">
      <Filter>Source Files</Filter>
    </ClCompile>
    <ClCompile Include="Source\Core\IO\AssetImporter\AssetImporterWorker_Text.cpp">
      <Filter>Source Files</Filter>
    </ClCompile>
    <ClCompile Include="Source\Core\Game\AssetManager\AssetManager.cpp">
      <Filter>Source Files</Filter>
    </ClCompile>
    <ClCompile Include="Source\Core\Game\AssetManager\ImportedAssetPort.cpp">
      <Filter>Source Files</Filter>
    </ClCompile>
    <ClCompile Include="Source\Component\Rendering\Light\Light.cpp">
      <Filter>Source Files</Filter>
    </ClCompile>
    <ClCompile Include="Source\Component\Rendering\Light\PointLight.cpp">
      <Filter>Source Files</Filter>
    </ClCompile>
    <ClCompile Include="Source\Component\Rendering\Light\DirectionalLight.cpp">
      <Filter>Source Files</Filter>
    </ClCompile>
    <ClCompile Include="Source\Component\Rendering\Renderer\MeshRenderer.cpp">
      <Filter>Source Files</Filter>
    </ClCompile>
    <ClCompile Include="Source\Component\Rendering\Renderer\Renderer.cpp">
      <Filter>Source Files</Filter>
    </ClCompile>
    <ClCompile Include="Source\Component\EventSystem.cpp">
      <Filter>Source Files</Filter>
    </ClCompile>
    <ClCompile Include="Source\Component\Rendering\Camera.cpp">
      <Filter>Source Files</Filter>
    </ClCompile>
    <ClCompile Include="Source\Component\Rendering\Renderer\RendererStaticIterator.cpp">
      <Filter>Source Files</Filter>
    </ClCompile>
    <ClCompile Include="Source\Helper\EasyDirtyChecker\DirtyReceiver.cpp">
      <Filter>Source Files</Filter>
    </ClCompile>
    <ClCompile Include="Source\Core\Physics\Collider\Collider.cpp">
      <Filter>Source Files</Filter>
    </ClCompile>
    <ClCompile Include="Source\Core\Physics\ColliderPickingTestRoom.cpp">
      <Filter>Source Files</Filter>
    </ClCompile>
    <ClCompile Include="Source\Core\Macros\KeyCallback.cpp">
      <Filter>Source Files</Filter>
    </ClCompile>
    <ClCompile Include="main.cpp">
      <Filter>Source Files</Filter>
    </ClCompile>
    <ClCompile Include="Source\Core\Graphics\Texture\SingleTexture.cpp">
      <Filter>Source Files</Filter>
    </ClCompile>
    <ClCompile Include="Source\Core\Graphics\Texture\Texture.cpp">
      <Filter>Source Files</Filter>
    </ClCompile>
    <ClCompile Include="Source\Core\Graphics\Texture\CubemapTexture.cpp">
      <Filter>Source Files</Filter>
    </ClCompile>
    <ClCompile Include="Source\Core\Graphics\FrameBuffer\utility\PicktureInPickture.cpp">
      <Filter>Source Files</Filter>
    </ClCompile>
    <ClCompile Include="Source\Core\utility\BVH\test\BVH_TestRoom.cpp">
      <Filter>Source Files</Filter>
    </ClCompile>
    <ClCompile Include="Source\Core\utility\BVH\BVH.cpp">
      <Filter>Source Files</Filter>
    </ClCompile>
    <ClCompile Include="Source\Core\utility\BVH\BVH_Node.cpp">
      <Filter>Source Files</Filter>
    </ClCompile>
    <ClCompile Include="Source\Core\utility\BVH\BVH_Node_Container.cpp">
      <Filter>Source Files</Filter>
    </ClCompile>
    <ClCompile Include="Source\Core\utility\BVH\BVH_Node_Object.cpp">
      <Filter>Source Files</Filter>
    </ClCompile>
    <ClCompile Include="Source\Core\utility\BVH\extension\BVH_AxisSweep3.cpp">
      <Filter>Source Files</Filter>
    </ClCompile>
    <ClCompile Include="Source\Core\Graphics\Acceleration\OcclusionCulling\HW\QueryOcclusionCulling.cpp">
      <Filter>Source Files</Filter>
    </ClCompile>
    <ClCompile Include="Source\Core\utility\KDTree\KDTree.cpp">
      <Filter>Source Files</Filter>
    </ClCompile>
    <ClCompile Include="Source\Core\utility\BVH\BVH_Node_View.cpp">
      <Filter>Source Files</Filter>
    </ClCompile>
    <ClCompile Include="Source\Core\utility\KDTree\KDTreeNodeView.cpp">
      <Filter>Source Files</Filter>
    </ClCompile>
    <ClCompile Include="Source\Core\utility\KDTree\test\KDTree_TestRoom.cpp">
      <Filter>Source Files</Filter>
    </ClCompile>
    <ClCompile Include="Source\Core\Graphics\Acceleration\CullDistance\CullDistance.cpp">
      <Filter>Source Files</Filter>
    </ClCompile>
    <ClCompile Include="Source\Core\Graphics\Acceleration\CullDistance\CullDistanceRenderer.cpp">
      <Filter>Source Files</Filter>
    </ClCompile>
    <ClCompile Include="Source\Core\Physics\Collider\OBB.cpp">
      <Filter>Source Files</Filter>
    </ClCompile>
    <ClCompile Include="Source\Core\Graphics\Acceleration\ViewFrustum.cpp">
      <Filter>Source Files</Filter>
    </ClCompile>
    <ClCompile Include="Source\Core\utility\KDTree\KDTreeVector.cpp">
      <Filter>Source Files</Filter>
    </ClCompile>
    <ClCompile Include="Source\Core\utility\KDTree\KDTreeAABB.cpp">
      <Filter>Source Files</Filter>
    </ClCompile>
    <ClCompile Include="Source\Core\Graphics\Acceleration\LinearData_ViewFrustumCulling\FrotbiteCullingSystem.cpp">
      <Filter>Source Files</Filter>
    </ClCompile>
    <ClCompile Include="Source\Core\Graphics\Acceleration\LinearData_ViewFrustumCulling\CullingModule\ViewFrustumCulling.cpp">
      <Filter>Source Files</Filter>
    </ClCompile>
    <ClCompile Include="Source\Core\Graphics\Acceleration\LinearData_ViewFrustumCulling\CullingModule\ScreenSpaceAABBCulling.cpp">
      <Filter>Source Files</Filter>
    </ClCompile>
    <ClCompile Include="Source\Core\utility\ColliderUpdater.cpp">
      <Filter>Source Files</Filter>
    </ClCompile>
    <ClCompile Include="Source\Core\ResourceManagement\JobSystem_cpp\JobSystem.cpp">
      <Filter>Source Files</Filter>
    </ClCompile>
    <ClCompile Include="Source\Core\ResourceManagement\JobSystem_cpp\Thread.cpp">
      <Filter>Source Files</Filter>
    </ClCompile>
  </ItemGroup>
  <ItemGroup>
    <ClInclude Include="dependency\glad\include\glad\glad.h">
      <Filter>Header Files</Filter>
    </ClInclude>
    <ClInclude Include="dependency\glad\include\KHR\khrplatform.h">
      <Filter>Header Files</Filter>
    </ClInclude>
    <ClInclude Include="dependency\glfw-3.3.2.bin.WIN64\include\GLFW\glfw3.h">
      <Filter>Header Files</Filter>
    </ClInclude>
    <ClInclude Include="dependency\glfw-3.3.2.bin.WIN64\include\GLFW\glfw3native.h">
      <Filter>Header Files</Filter>
    </ClInclude>
    <ClInclude Include="Source\Core\API\OpenglAPI.h">
      <Filter>Header Files</Filter>
    </ClInclude>
    <ClInclude Include="Source\Core\Core.h">
      <Filter>Header Files</Filter>
    </ClInclude>
    <ClInclude Include="Source\Core\Game\GameCore.h">
      <Filter>Header Files</Filter>
    </ClInclude>
    <ClInclude Include="Source\Core\API\ASSIMP.h">
      <Filter>Header Files</Filter>
    </ClInclude>
    <ClInclude Include="Source\Core\Asset\ThreeDModelAsset.h">
      <Filter>Header Files</Filter>
    </ClInclude>
    <ClInclude Include="Source\Core\Asset\TextureAsset.h">
      <Filter>Header Files</Filter>
    </ClInclude>
    <ClInclude Include="Source\Core\Asset\AudioAsset.h">
      <Filter>Header Files</Filter>
    </ClInclude>
    <ClInclude Include="Source\Core\Asset\FontAsset.h">
      <Filter>Header Files</Filter>
    </ClInclude>
    <ClInclude Include="stdafx.h">
      <Filter>Header Files</Filter>
    </ClInclude>
    <ClInclude Include="Source\Core\API\UUID.h">
      <Filter>Header Files</Filter>
    </ClInclude>
    <ClInclude Include="Source\Core\Math\Vector.h">
      <Filter>Header Files</Filter>
    </ClInclude>
    <ClInclude Include="Source\Core\Math\Quaternion.h">
      <Filter>Header Files</Filter>
    </ClInclude>
    <ClInclude Include="Source\Core\Math\Matrix.h">
      <Filter>Header Files</Filter>
    </ClInclude>
    <ClInclude Include="Source\Core\Math\Math.h">
      <Filter>Header Files</Filter>
    </ClInclude>
    <ClInclude Include="Source\Core\Math\Utility.h">
      <Filter>Header Files</Filter>
    </ClInclude>
    <ClInclude Include="Source\Core\Math\Vector1.h">
      <Filter>Header Files</Filter>
    </ClInclude>
    <ClInclude Include="Source\Core\Math\Vector2.h">
      <Filter>Header Files</Filter>
    </ClInclude>
    <ClInclude Include="Source\Core\Math\Vector3.h">
      <Filter>Header Files</Filter>
    </ClInclude>
    <ClInclude Include="Source\Core\Math\Vector4.h">
      <Filter>Header Files</Filter>
    </ClInclude>
    <ClInclude Include="Source\Core\Math\Matrix1x1.h">
      <Filter>Header Files</Filter>
    </ClInclude>
    <ClInclude Include="Source\Core\Math\Matrix2x2.h">
      <Filter>Header Files</Filter>
    </ClInclude>
    <ClInclude Include="Source\Core\Math\Matrix3x3.h">
      <Filter>Header Files</Filter>
    </ClInclude>
    <ClInclude Include="Source\Core\Math\Matrix4x4.h">
      <Filter>Header Files</Filter>
    </ClInclude>
    <ClInclude Include="Source\Component\Transform.h">
      <Filter>Header Files</Filter>
    </ClInclude>
    <ClInclude Include="Source\Core\Math\VeryLight_Math_For_Game\Math.h">
      <Filter>Header Files</Filter>
    </ClInclude>
    <ClInclude Include="Source\Core\Math\VeryLight_Math_For_Game\Matrix.h">
      <Filter>Header Files</Filter>
    </ClInclude>
    <ClInclude Include="Source\Core\Math\VeryLight_Math_For_Game\Matrix2x2.h">
      <Filter>Header Files</Filter>
    </ClInclude>
    <ClInclude Include="Source\Core\Math\VeryLight_Math_For_Game\Matrix3x3.h">
      <Filter>Header Files</Filter>
    </ClInclude>
    <ClInclude Include="Source\Core\Math\VeryLight_Math_For_Game\Matrix4x4.h">
      <Filter>Header Files</Filter>
    </ClInclude>
    <ClInclude Include="Source\Core\Math\VeryLight_Math_For_Game\Quaternion.h">
      <Filter>Header Files</Filter>
    </ClInclude>
    <ClInclude Include="Source\Core\Math\VeryLight_Math_For_Game\Utility.h">
      <Filter>Header Files</Filter>
    </ClInclude>
    <ClInclude Include="Source\Core\Math\VeryLight_Math_For_Game\Vector.h">
      <Filter>Header Files</Filter>
    </ClInclude>
    <ClInclude Include="Source\Core\Math\VeryLight_Math_For_Game\Vector1.h">
      <Filter>Header Files</Filter>
    </ClInclude>
    <ClInclude Include="Source\Core\Math\VeryLight_Math_For_Game\Vector2.h">
      <Filter>Header Files</Filter>
    </ClInclude>
    <ClInclude Include="Source\Core\Math\VeryLight_Math_For_Game\Vector3.h">
      <Filter>Header Files</Filter>
    </ClInclude>
    <ClInclude Include="Source\Core\Math\VeryLight_Math_For_Game\Vector4.h">
      <Filter>Header Files</Filter>
    </ClInclude>
    <ClInclude Include="Source\Core\Math\VeryLight_Math_For_Game\Matrix1x1.h">
      <Filter>Header Files</Filter>
    </ClInclude>
    <ClInclude Include="Source\Core\Math\LightMath_Cpp\LMath.h">
      <Filter>Header Files</Filter>
    </ClInclude>
    <ClInclude Include="Source\Core\Math\LightMath_Cpp\Matrix.h">
      <Filter>Header Files</Filter>
    </ClInclude>
    <ClInclude Include="Source\Core\Math\LightMath_Cpp\Matrix1x1.h">
      <Filter>Header Files</Filter>
    </ClInclude>
    <ClInclude Include="Source\Core\Math\LightMath_Cpp\Matrix2x2.h">
      <Filter>Header Files</Filter>
    </ClInclude>
    <ClInclude Include="Source\Core\Math\LightMath_Cpp\Matrix3x3.h">
      <Filter>Header Files</Filter>
    </ClInclude>
    <ClInclude Include="Source\Core\Math\LightMath_Cpp\Matrix4x4.h">
      <Filter>Header Files</Filter>
    </ClInclude>
    <ClInclude Include="Source\Core\Math\LightMath_Cpp\Quaternion.h">
      <Filter>Header Files</Filter>
    </ClInclude>
    <ClInclude Include="Source\Core\Math\LightMath_Cpp\Utility.h">
      <Filter>Header Files</Filter>
    </ClInclude>
    <ClInclude Include="Source\Core\Math\LightMath_Cpp\Vector1.h">
      <Filter>Header Files</Filter>
    </ClInclude>
    <ClInclude Include="Source\Core\Math\LightMath_Cpp\Vector2.h">
      <Filter>Header Files</Filter>
    </ClInclude>
    <ClInclude Include="Source\Core\Math\LightMath_Cpp\Vector3.h">
      <Filter>Header Files</Filter>
    </ClInclude>
    <ClInclude Include="Source\Core\Math\LightMath_Cpp\Vector4.h">
      <Filter>Header Files</Filter>
    </ClInclude>
    <ClInclude Include="Source\Core\Asset\TextAsset.h">
      <Filter>Header Files</Filter>
    </ClInclude>
    <ClInclude Include="Source\Core\IO\AssetImporter\AssetImporter.h">
      <Filter>Header Files</Filter>
    </ClInclude>
    <ClInclude Include="Source\Helper\DeferredConstant\DeferredConstant.h">
      <Filter>Header Files</Filter>
    </ClInclude>
    <ClInclude Include="Source\Core\Random.h">
      <Filter>Header Files</Filter>
    </ClInclude>
    <ClInclude Include="Source\Core\Asset\Base_Asset.h">
      <Filter>Header Files</Filter>
    </ClInclude>
    <ClInclude Include="Source\Core\Asset\Asset.h">
      <Filter>Header Files</Filter>
    </ClInclude>
    <ClInclude Include="Source\Core\Asset\ShaderAsset.h">
      <Filter>Header Files</Filter>
    </ClInclude>
    <ClInclude Include="Source\Helper\std_future_wrapper\CustomFutureWrapper.h">
      <Filter>Header Files</Filter>
    </ClInclude>
    <ClInclude Include="Source\Helper\std_future_wrapper\DummyFuture.h">
      <Filter>Header Files</Filter>
    </ClInclude>
    <ClInclude Include="Source\Helper\std_future_wrapper\FutureWrapper.h">
      <Filter>Header Files</Filter>
    </ClInclude>
    <ClInclude Include="Source\Helper\std_future_wrapper\StdFuture.h">
      <Filter>Header Files</Filter>
    </ClInclude>
    <ClInclude Include="Source\Helper\std_future_wrapper\shared_future\CustomSharedFuture.h">
      <Filter>Header Files</Filter>
    </ClInclude>
    <ClInclude Include="Source\Helper\std_future_wrapper\shared_future\DummySharedFuture.h">
      <Filter>Header Files</Filter>
    </ClInclude>
    <ClInclude Include="Source\Helper\std_future_wrapper\shared_future\StdSharedFuture.h">
      <Filter>Header Files</Filter>
    </ClInclude>
    <ClInclude Include="Source\Helper\ForLoop_Compile_Time\ForLoop_Compile.h">
      <Filter>Header Files</Filter>
    </ClInclude>
    <ClInclude Include="Source\Core\IO\AssetImporter\AssetImporterWorker_Three_D_Model.h">
      <Filter>Header Files</Filter>
    </ClInclude>
    <ClInclude Include="Source\Core\IO\AssetImporter\AssetImporterWorker_Texture.h">
      <Filter>Header Files</Filter>
    </ClInclude>
    <ClInclude Include="Source\Core\IO\AssetImporter\AssetImporterWorker_Text.h">
      <Filter>Header Files</Filter>
    </ClInclude>
    <ClInclude Include="Source\Core\IO\AssetImporter\AssetImporterWorker_Shader.h">
      <Filter>Header Files</Filter>
    </ClInclude>
    <ClInclude Include="Source\Core\IO\AssetImporter\AssetImporterWorker_Font.h">
      <Filter>Header Files</Filter>
    </ClInclude>
    <ClInclude Include="Source\Core\IO\AssetImporter\AssetImporterWorker_Audio.h">
      <Filter>Header Files</Filter>
    </ClInclude>
    <ClInclude Include="Source\Core\IO\AssetImporter\AssetApiImporter.h">
      <Filter>Header Files</Filter>
    </ClInclude>
    <ClInclude Include="Source\Helper\TextImporter.h">
      <Filter>Header Files</Filter>
    </ClInclude>
    <ClInclude Include="Source\Core\IO\AssetImporter\AssetImporterWorker.h">
      <Filter>Header Files</Filter>
    </ClInclude>
    <ClInclude Include="Source\Core\IO\AssetImporter\AssetImporterWorker_Base.h">
      <Filter>Header Files</Filter>
    </ClInclude>
    <ClInclude Include="Source\Core\Graphics\Graphics_Core.h">
      <Filter>Header Files</Filter>
    </ClInclude>
    <ClInclude Include="Source\Core\Graphics\Material.h">
      <Filter>Header Files</Filter>
    </ClInclude>
    <ClInclude Include="Source\Core\Math\LightMath_Cpp\Euler.h">
      <Filter>Header Files</Filter>
    </ClInclude>
    <ClInclude Include="Source\Core\Math\LightMath_Cpp\LMath_Core.h">
      <Filter>Header Files</Filter>
    </ClInclude>
    <ClInclude Include="Source\Core\Math\LightMath_Cpp\Matrix_utility.h">
      <Filter>Header Files</Filter>
    </ClInclude>
    <ClInclude Include="Source\Helper\vector_erase_move_lastelement\vector_swap_erase.h">
      <Filter>Header Files</Filter>
    </ClInclude>
    <ClInclude Include="Source\Core\Graphics\Buffer\Buffer.h">
      <Filter>Header Files</Filter>
    </ClInclude>
    <ClInclude Include="Source\Core\Graphics\Buffer\Mesh.h">
      <Filter>Header Files</Filter>
    </ClInclude>
    <ClInclude Include="Source\Core\Macros\Assert.h">
      <Filter>Header Files</Filter>
    </ClInclude>
    <ClInclude Include="Source\Core\Macros\Log.h">
      <Filter>Header Files</Filter>
    </ClInclude>
    <ClInclude Include="Source\Core\Macros\Macros.h">
      <Filter>Header Files</Filter>
    </ClInclude>
    <ClInclude Include="Source\Core\Macros\Path.h">
      <Filter>Header Files</Filter>
    </ClInclude>
    <ClInclude Include="Source\Core\Macros\Profiling.h">
      <Filter>Header Files</Filter>
    </ClInclude>
    <ClInclude Include="Source\Core\Profiler\Profiler.h">
      <Filter>Header Files</Filter>
    </ClInclude>
    <ClInclude Include="Source\Core\ResourceManagement\Pool\MemoryPool.h">
      <Filter>Header Files</Filter>
    </ClInclude>
    <ClInclude Include="Source\Helper\SimpleIniParser.h">
      <Filter>Header Files</Filter>
    </ClInclude>
    <ClInclude Include="Source\Helper\concurrentqueue\blockingconcurrentqueue.h">
      <Filter>Header Files</Filter>
    </ClInclude>
    <ClInclude Include="Source\Core\Logger\Logger.h">
      <Filter>Header Files</Filter>
    </ClInclude>
    <ClInclude Include="Source\Helper\crossguid\Guid.hpp">
      <Filter>Header Files</Filter>
    </ClInclude>
    <ClInclude Include="Source\Core\Graphics\Buffer\MeshNode.h">
      <Filter>Header Files</Filter>
    </ClInclude>
    <ClInclude Include="Source\Core\Graphics\Buffer\UniformBufferObject.h">
      <Filter>Header Files</Filter>
    </ClInclude>
    <ClInclude Include="Source\Core\Graphics\Buffer\UniformBufferObjectManager.h">
      <Filter>Header Files</Filter>
    </ClInclude>
    <ClInclude Include="Source\Helper\trim.h">
      <Filter>Header Files</Filter>
    </ClInclude>
    <ClInclude Include="Source\Core\Graphics\Buffer\UniformBlockOffsetInfo.h">
      <Filter>Header Files</Filter>
    </ClInclude>
    <ClInclude Include="Source\Core\Graphics\OverlapBindChecker.h">
      <Filter>Header Files</Filter>
    </ClInclude>
    <ClInclude Include="Source\Core\Physics\Phycis_Core.h">
      <Filter>Header Files</Filter>
    </ClInclude>
    <ClInclude Include="Source\Core\Graphics\Buffer\UniformBufferObjectTempBufferUpdater.h">
      <Filter>Header Files</Filter>
    </ClInclude>
    <ClInclude Include="dependency\glfw\include\GLFW\glfw3.h">
      <Filter>Header Files</Filter>
    </ClInclude>
    <ClInclude Include="dependency\imgui\imconfig.h">
      <Filter>Header Files</Filter>
    </ClInclude>
    <ClInclude Include="dependency\imgui\imgui.h">
      <Filter>Header Files</Filter>
    </ClInclude>
    <ClInclude Include="dependency\imgui\imgui_internal.h">
      <Filter>Header Files</Filter>
    </ClInclude>
    <ClInclude Include="dependency\imgui\imstb_rectpack.h">
      <Filter>Header Files</Filter>
    </ClInclude>
    <ClInclude Include="dependency\imgui\imstb_textedit.h">
      <Filter>Header Files</Filter>
    </ClInclude>
    <ClInclude Include="dependency\imgui\imstb_truetype.h">
      <Filter>Header Files</Filter>
    </ClInclude>
    <ClInclude Include="Source\Core\Graphics\SceneGraphics.h">
      <Filter>Header Files</Filter>
    </ClInclude>
    <ClInclude Include="Source\Component\Core\Component.h">
      <Filter>Header Files</Filter>
    </ClInclude>
    <ClInclude Include="Source\Core\Scene\Entity.h">
      <Filter>Header Files</Filter>
    </ClInclude>
    <ClInclude Include="Source\Core\Scene\IWorldIndependent.h">
      <Filter>Header Files</Filter>
    </ClInclude>
    <ClInclude Include="Source\Core\Scene\Layer.h">
      <Filter>Header Files</Filter>
    </ClInclude>
    <ClInclude Include="Source\Core\Scene\Scene.h">
      <Filter>Header Files</Filter>
    </ClInclude>
    <ClInclude Include="Source\Core\Scene\SharedScene.h">
      <Filter>Header Files</Filter>
    </ClInclude>
    <ClInclude Include="Source\Core\Scene\SharedSceneSetting.h">
      <Filter>Header Files</Filter>
    </ClInclude>
    <ClInclude Include="Source\Core\Graphics\GraphicsAPI.h">
      <Filter>Header Files</Filter>
    </ClInclude>
    <ClInclude Include="Source\Component\Core\PlainComponent.h">
      <Filter>Header Files</Filter>
    </ClInclude>
    <ClInclude Include="Source\Core\Game\FrameDirtyChecker.h">
      <Filter>Header Files</Filter>
    </ClInclude>
    <ClInclude Include="Source\Core\Physics\PhysicsSetting.h">
      <Filter>Header Files</Filter>
    </ClInclude>
    <ClInclude Include="Source\GameLogic\TEST.h">
      <Filter>Header Files</Filter>
    </ClInclude>
    <ClInclude Include="Source\Core\Graphics\Graphics_Server.h">
      <Filter>Header Files</Filter>
    </ClInclude>
    <ClInclude Include="Source\Core\Physics\Physics_Server.h">
      <Filter>Header Files</Filter>
    </ClInclude>
    <ClInclude Include="Source\Component\Core\ServerComponent.h">
      <Filter>Header Files</Filter>
    </ClInclude>
    <ClInclude Include="Source\Core\Game\IGameFlow.h">
      <Filter>Header Files</Filter>
    </ClInclude>
    <ClInclude Include="Source\Core\IO\UserInput_Server.h">
      <Filter>Header Files</Filter>
    </ClInclude>
    <ClInclude Include="Source\GameLogic\CustomComponent\Move_WASD.h">
      <Filter>Header Files</Filter>
    </ClInclude>
    <ClInclude Include="Source\Core\Time\Time_Server.h">
      <Filter>Header Files</Filter>
    </ClInclude>
    <ClInclude Include="Source\GameLogic\Doom_Core.h">
      <Filter>Header Files</Filter>
    </ClInclude>
    <ClInclude Include="Source\Core\Graphics\FrameBuffer\FrameBuffer.h">
      <Filter>Header Files</Filter>
    </ClInclude>
    <ClInclude Include="Source\Core\Graphics\FrameBuffer\RenderBuffer.h">
      <Filter>Header Files</Filter>
    </ClInclude>
    <ClInclude Include="Source\GameLogic\CustomComponent\AutoRotate.h">
      <Filter>Header Files</Filter>
    </ClInclude>
    <ClInclude Include="Source\Core\Graphics\DebugGraphics.h">
      <Filter>Header Files</Filter>
    </ClInclude>
    <ClInclude Include="Source\Core\Graphics\Color.h">
      <Filter>Header Files</Filter>
    </ClInclude>
    <ClInclude Include="Source\Core\Math\LightMath_Cpp\Collision.h">
      <Filter>Header Files</Filter>
    </ClInclude>
    <ClInclude Include="Source\Core\Graphics\ePrimitiveType.h">
      <Filter>Header Files</Filter>
    </ClInclude>
    <ClInclude Include="Source\Core\Physics\Picking.h">
      <Filter>Header Files</Filter>
    </ClInclude>
    <ClInclude Include="Source\Core\Math\LightMath_Cpp\Vector.h">
      <Filter>Header Files</Filter>
    </ClInclude>
    <ClInclude Include="Source\GameLogic\CustomComponent\TestComponent.h">
      <Filter>Header Files</Filter>
    </ClInclude>
    <ClInclude Include="Source\Component\PhysicsComponent\BoxCollider2D.h">
      <Filter>Header Files</Filter>
    </ClInclude>
    <ClInclude Include="Source\Component\PhysicsComponent\BoxCollider3D.h">
      <Filter>Header Files</Filter>
    </ClInclude>
    <ClInclude Include="Source\Component\PhysicsComponent\CapsuleCollider3D.h">
      <Filter>Header Files</Filter>
    </ClInclude>
    <ClInclude Include="Source\Component\PhysicsComponent\CircleCollider2D.h">
      <Filter>Header Files</Filter>
    </ClInclude>
    <ClInclude Include="Source\Component\PhysicsComponent\SphereCollider3D.h">
      <Filter>Header Files</Filter>
    </ClInclude>
    <ClInclude Include="Source\Core\Time\MainTimer.h">
      <Filter>Header Files</Filter>
    </ClInclude>
    <ClInclude Include="Source\GameLogic\CustomComponent\AxisDebugger.h">
      <Filter>Header Files</Filter>
    </ClInclude>
    <ClInclude Include="Source\Helper\EasyDirtyChecker\DirtySender.h">
      <Filter>Header Files</Filter>
    </ClInclude>
    <ClInclude Include="Source\Core\Math\LightMath_Cpp\Trigonometric.h">
      <Filter>Header Files</Filter>
    </ClInclude>
    <ClInclude Include="Source\Component\PhysicsComponent\ColliderComponent.h">
      <Filter>Header Files</Filter>
    </ClInclude>
    <ClInclude Include="Source\Component\PhysicsComponent\Collider3DComponent.h">
      <Filter>Header Files</Filter>
    </ClInclude>
    <ClInclude Include="Source\Component\PhysicsComponent\Collider2DComponent.h">
      <Filter>Header Files</Filter>
    </ClInclude>
    <ClInclude Include="Source\Component\PhysicsComponent\MeshCollider.h">
      <Filter>Header Files</Filter>
    </ClInclude>
    <ClInclude Include="Source\Core\Physics\Collider\AABB.h">
      <Filter>Header Files</Filter>
    </ClInclude>
    <ClInclude Include="Source\Core\Physics\Collider\CapsuleCollider.h">
      <Filter>Header Files</Filter>
    </ClInclude>
    <ClInclude Include="Source\Core\Physics\Collider\Circle2D.h">
      <Filter>Header Files</Filter>
    </ClInclude>
    <ClInclude Include="Source\Core\Physics\Collider\Line.h">
      <Filter>Header Files</Filter>
    </ClInclude>
    <ClInclude Include="Source\Core\Physics\Collider\Collider.h">
      <Filter>Header Files</Filter>
    </ClInclude>
    <ClInclude Include="Source\Core\Physics\Collider\Ray.h">
      <Filter>Header Files</Filter>
    </ClInclude>
    <ClInclude Include="Source\Core\Physics\Collider\Plane.h">
      <Filter>Header Files</Filter>
    </ClInclude>
    <ClInclude Include="Source\Core\Physics\Collider\PhysicsGeneric.h">
      <Filter>Header Files</Filter>
    </ClInclude>
    <ClInclude Include="Source\Core\Physics\Collider\Sphere.h">
      <Filter>Header Files</Filter>
    </ClInclude>
    <ClInclude Include="Source\Core\Physics\Collider\RenderPhysics.h">
      <Filter>Header Files</Filter>
    </ClInclude>
    <ClInclude Include="Source\Core\OS\OS.h">
      <Filter>Header Files</Filter>
    </ClInclude>
    <ClInclude Include="Source\Core\OS\Window.h">
      <Filter>Header Files</Filter>
    </ClInclude>
    <ClInclude Include="Source\Core\OS\OS_Server.h">
      <Filter>Header Files</Filter>
    </ClInclude>
    <ClInclude Include="Source\Core\Game\ConfigData.h">
      <Filter>Header Files</Filter>
    </ClInclude>
    <ClInclude Include="Source\Helper\StaticContainer\StaticContainer.h">
      <Filter>Header Files</Filter>
    </ClInclude>
    <ClInclude Include="Source\Core\Physics\Collider\ColliderSolution.h">
      <Filter>Header Files</Filter>
    </ClInclude>
    <ClInclude Include="Source\Core\Physics\Collider\ColliderType.h">
      <Filter>Header Files</Filter>
    </ClInclude>
    <ClInclude Include="Source\Helper\Simple_SingleTon\Singleton.h">
      <Filter>Header Files</Filter>
    </ClInclude>
    <ClInclude Include="Source\Core\Graphics\TextureFormat.h">
      <Filter>Header Files</Filter>
    </ClInclude>
    <ClInclude Include="Source\Helper\ZeroResetMoveContainer.h">
      <Filter>Header Files</Filter>
    </ClInclude>
    <ClInclude Include="Source\Core\API\Font.h">
      <Filter>Header Files</Filter>
    </ClInclude>
    <ClInclude Include="Source\Core\Game\AssetManager\AssetManager.h">
      <Filter>Header Files</Filter>
    </ClInclude>
    <ClInclude Include="Source\Core\Game\AssetManager\ImportedAssetPort.h">
      <Filter>Header Files</Filter>
    </ClInclude>
    <ClInclude Include="Source\Component\Rendering\Light\Light.h">
      <Filter>Header Files</Filter>
    </ClInclude>
    <ClInclude Include="Source\Component\Rendering\Light\PointLight.h">
      <Filter>Header Files</Filter>
    </ClInclude>
    <ClInclude Include="Source\Component\Rendering\Light\DirectionalLight.h">
      <Filter>Header Files</Filter>
    </ClInclude>
    <ClInclude Include="Source\Component\Rendering\Renderer\Renderer.h">
      <Filter>Header Files</Filter>
    </ClInclude>
    <ClInclude Include="Source\Component\Rendering\Renderer\MeshRenderer.h">
      <Filter>Header Files</Filter>
    </ClInclude>
    <ClInclude Include="Source\Component\EventSystem.h">
      <Filter>Header Files</Filter>
    </ClInclude>
    <ClInclude Include="Source\Component\Rendering\Camera.h">
      <Filter>Header Files</Filter>
    </ClInclude>
    <ClInclude Include="Source\Component\Rendering\Renderer\RendererStaticIterator.h">
      <Filter>Header Files</Filter>
    </ClInclude>
    <ClInclude Include="Source\Core\Asset\AssetMetaData.h">
      <Filter>Header Files</Filter>
    </ClInclude>
    <ClInclude Include="Source\Helper\magic_enum.hpp">
      <Filter>Header Files</Filter>
    </ClInclude>
    <ClInclude Include="Source\Core\Asset\eAssetType.h">
      <Filter>Header Files</Filter>
    </ClInclude>
    <ClInclude Include="Source\Helper\EasyDirtyChecker\DirtyReceiver.h">
      <Filter>Header Files</Filter>
    </ClInclude>
    <ClInclude Include="Source\Core\Physics\ColliderPickingTestRoom.h">
      <Filter>Header Files</Filter>
    </ClInclude>
    <ClInclude Include="Source\Core\Macros\KeyCallback.h">
      <Filter>Header Files</Filter>
    </ClInclude>
    <ClInclude Include="Source\Core\Graphics\Texture\Texture.h">
      <Filter>Header Files</Filter>
    </ClInclude>
    <ClInclude Include="Source\Core\Graphics\Texture\SingleTexture.h">
      <Filter>Header Files</Filter>
    </ClInclude>
    <ClInclude Include="Source\Core\Graphics\Texture\CubemapTexture.h">
      <Filter>Header Files</Filter>
    </ClInclude>
    <ClInclude Include="Source\Core\Graphics\FrameBuffer\utility\PicktureInPickture.h">
      <Filter>Header Files</Filter>
    </ClInclude>
    <ClInclude Include="Source\Core\utility\BVH\test\BVH_TestRoom.h">
      <Filter>Header Files</Filter>
    </ClInclude>
    <ClInclude Include="Source\Core\utility\BVH\BVH.h">
      <Filter>Header Files</Filter>
    </ClInclude>
    <ClInclude Include="Source\Core\utility\BVH\BVH_Node.h">
      <Filter>Header Files</Filter>
    </ClInclude>
    <ClInclude Include="Source\Core\utility\BVH\BVH_Node_Container.h">
      <Filter>Header Files</Filter>
    </ClInclude>
    <ClInclude Include="Source\Core\utility\BVH\BVH_Node_Object.h">
      <Filter>Header Files</Filter>
    </ClInclude>
    <ClInclude Include="Source\Core\utility\BVH\extension\BVH_AxisSweep3.h">
      <Filter>Header Files</Filter>
    </ClInclude>
    <ClInclude Include="Source\Core\Graphics\Acceleration\OcclusionCulling\HW\QueryOcclusionCulling.h">
      <Filter>Header Files</Filter>
    </ClInclude>
    <ClInclude Include="Source\Core\utility\KDTree\KDTree.h">
      <Filter>Header Files</Filter>
    </ClInclude>
    <ClInclude Include="Source\Core\utility\BVH\BVH_Node_View.h">
      <Filter>Header Files</Filter>
    </ClInclude>
    <ClInclude Include="Source\Core\utility\BVH\BVH_Core.h">
      <Filter>Header Files</Filter>
    </ClInclude>
    <ClInclude Include="Source\Core\utility\KDTree\KDTreeNodeView.h">
      <Filter>Header Files</Filter>
    </ClInclude>
    <ClInclude Include="Source\Core\utility\KDTree\KDTreeNode.h">
      <Filter>Header Files</Filter>
    </ClInclude>
    <ClInclude Include="Source\Core\utility\KDTree\KDTreeCore.h">
      <Filter>Header Files</Filter>
    </ClInclude>
    <ClInclude Include="Source\Core\utility\KDTree\test\KDTree_TestRoom.h">
      <Filter>Header Files</Filter>
    </ClInclude>
    <ClInclude Include="Source\Core\utility\ITester.h">
      <Filter>Header Files</Filter>
    </ClInclude>
    <ClInclude Include="Source\Core\Graphics\Acceleration\CullDistance\CullDistance.h">
      <Filter>Header Files</Filter>
    </ClInclude>
    <ClInclude Include="Source\Core\Graphics\Acceleration\CullDistance\CullDistanceRenderer.h">
      <Filter>Header Files</Filter>
    </ClInclude>
    <ClInclude Include="Source\Helper\SequenceStringGenerator\SequenceStringGenerator.h">
      <Filter>Header Files</Filter>
    </ClInclude>
    <ClInclude Include="Source\Core\Math\LightMath_Cpp\SIMD.h">
      <Filter>Header Files</Filter>
    </ClInclude>
    <ClInclude Include="Source\Core\Math\LightMath_Cpp\SIMD_Core.h">
      <Filter>Header Files</Filter>
    </ClInclude>
    <ClInclude Include="Source\Core\Physics\Collider\OBB.h">
      <Filter>Header Files</Filter>
    </ClInclude>
    <ClInclude Include="Source\Core\Graphics\Acceleration\ViewFrustum.h">
      <Filter>Header Files</Filter>
    </ClInclude>
    <ClInclude Include="Source\Core\Graphics\Acceleration\Culling.h">
      <Filter>Header Files</Filter>
    </ClInclude>
    <ClInclude Include="Source\Core\utility\TreeNode.h">
      <Filter>Header Files</Filter>
    </ClInclude>
    <ClInclude Include="Source\Core\utility\Tree.h">
      <Filter>Header Files</Filter>
    </ClInclude>
    <ClInclude Include="Source\Core\Graphics\RenderingBitFlag.h">
      <Filter>Header Files</Filter>
    </ClInclude>
    <ClInclude Include="Source\Core\Graphics\Acceleration\LinearViewFrustumCulling\LinearViewFrustumCulling.h">
      <Filter>Header Files</Filter>
    </ClInclude>
    <ClInclude Include="Source\Core\Graphics\Acceleration\LinearViewFrustumCulling\DataStructure\TransformData.h">
      <Filter>Header Files</Filter>
    </ClInclude>
    <ClInclude Include="Source\Core\Graphics\Acceleration\LinearViewFrustumCulling\DataStructure\EntityGridCell.h">
      <Filter>Header Files</Filter>
    </ClInclude>
    <ClInclude Include="Source\Core\Graphics\Acceleration\LinearViewFrustumCulling\DataStructure\EntityBlock.h">
      <Filter>Header Files</Filter>
    </ClInclude>
    <ClInclude Include="Source\Core\Graphics\Acceleration\LinearViewFrustumCulling\DataStructure\TrnasformHandle.h">
      <Filter>Header Files</Filter>
    </ClInclude>
    <ClInclude Include="Source\Core\Graphics\Acceleration\LinearViewFrustumCulling\LinearViewFrustumCulling_Core.h">
      <Filter>Header Files</Filter>
    </ClInclude>
    <ClInclude Include="Source\Core\Graphics\Acceleration\LinearData_ViewFrustumCulling\DataStructure\EntityHandle.h">
      <Filter>Header Files</Filter>
    </ClInclude>
    <ClInclude Include="Source\Core\Graphics\Acceleration\LinearData_ViewFrustumCulling\DataStructure\EntityBlock.h">
      <Filter>Header Files</Filter>
    </ClInclude>
    <ClInclude Include="Source\Core\Graphics\Acceleration\LinearData_ViewFrustumCulling\DataStructure\EntityGridCell.h">
      <Filter>Header Files</Filter>
    </ClInclude>
    <ClInclude Include="Source\Core\Graphics\Acceleration\LinearData_ViewFrustumCulling\DataStructure\TransformData.h">
      <Filter>Header Files</Filter>
    </ClInclude>
    <ClInclude Include="Source\Core\Graphics\Acceleration\LinearData_ViewFrustumCulling\DataStructure\EntityBlockViewer.h">
      <Filter>Header Files</Filter>
    </ClInclude>
    <ClInclude Include="Source\Core\ResourceManagement\Pool\ObjectPool.h">
      <Filter>Header Files</Filter>
    </ClInclude>
    <ClInclude Include="Source\Core\Graphics\Acceleration\LinearData_ViewFrustumCulling\FrotbiteCullingSystem.h">
      <Filter>Header Files</Filter>
    </ClInclude>
    <ClInclude Include="Source\Core\Graphics\Acceleration\LinearData_ViewFrustumCulling\FrotbiteCullingSystemCore.h">
      <Filter>Header Files</Filter>
    </ClInclude>
    <ClInclude Include="Source\Core\Graphics\Acceleration\LinearData_ViewFrustumCulling\DataStructure\AABB.h">
      <Filter>Header Files</Filter>
    </ClInclude>
    <ClInclude Include="Source\Core\Graphics\Acceleration\LinearData_ViewFrustumCulling\CullingModule\ViewFrustumCulling.h">
      <Filter>Header Files</Filter>
    </ClInclude>
    <ClInclude Include="Source\Core\Graphics\Acceleration\LinearData_ViewFrustumCulling\CullingModule\ScreenSpaceAABBCulling.h">
      <Filter>Header Files</Filter>
    </ClInclude>
    <ClInclude Include="Source\Core\Graphics\Acceleration\LinearData_ViewFrustumCulling\CullingModule\CullingModule.h">
      <Filter>Header Files</Filter>
    </ClInclude>
    <ClInclude Include="Source\Core\utility\ColliderUpdater.h">
      <Filter>Header Files</Filter>
    </ClInclude>
    <ClInclude Include="Source\Core\ResourceManagement\JobSystem_cpp\JobSystem.h">
      <Filter>Header Files</Filter>
    </ClInclude>
    <ClInclude Include="Source\Core\ResourceManagement\JobSystem_cpp\Thread.h">
      <Filter>Header Files</Filter>
    </ClInclude>
    <ClInclude Include="Source\Core\ResourceManagement\JobSystem_cpp\Thread_Core.h">
      <Filter>Header Files</Filter>
    </ClInclude>
  </ItemGroup>
  <ItemGroup>
    <None Include="dependency\glfw-3.3.2.bin.WIN64\docs\html\search\all_0.html" />
    <None Include="dependency\glfw-3.3.2.bin.WIN64\docs\html\search\all_1.html" />
    <None Include="dependency\glfw-3.3.2.bin.WIN64\docs\html\search\all_2.html" />
    <None Include="dependency\glfw-3.3.2.bin.WIN64\docs\html\search\all_3.html" />
    <None Include="dependency\glfw-3.3.2.bin.WIN64\docs\html\search\all_4.html" />
    <None Include="dependency\glfw-3.3.2.bin.WIN64\docs\html\search\all_5.html" />
    <None Include="dependency\glfw-3.3.2.bin.WIN64\docs\html\search\all_6.html" />
    <None Include="dependency\glfw-3.3.2.bin.WIN64\docs\html\search\all_7.html" />
    <None Include="dependency\glfw-3.3.2.bin.WIN64\docs\html\search\all_8.html" />
    <None Include="dependency\glfw-3.3.2.bin.WIN64\docs\html\search\all_9.html" />
    <None Include="dependency\glfw-3.3.2.bin.WIN64\docs\html\search\all_10.html" />
    <None Include="dependency\glfw-3.3.2.bin.WIN64\docs\html\search\all_11.html" />
    <None Include="dependency\glfw-3.3.2.bin.WIN64\docs\html\search\all_a.html" />
    <None Include="dependency\glfw-3.3.2.bin.WIN64\docs\html\search\all_b.html" />
    <None Include="dependency\glfw-3.3.2.bin.WIN64\docs\html\search\all_c.html" />
    <None Include="dependency\glfw-3.3.2.bin.WIN64\docs\html\search\all_d.html" />
    <None Include="dependency\glfw-3.3.2.bin.WIN64\docs\html\search\all_e.html" />
    <None Include="dependency\glfw-3.3.2.bin.WIN64\docs\html\search\all_f.html" />
    <None Include="dependency\glfw-3.3.2.bin.WIN64\docs\html\search\classes_0.html" />
    <None Include="dependency\glfw-3.3.2.bin.WIN64\docs\html\search\defines_0.html" />
    <None Include="dependency\glfw-3.3.2.bin.WIN64\docs\html\search\files_0.html" />
    <None Include="dependency\glfw-3.3.2.bin.WIN64\docs\html\search\files_1.html" />
    <None Include="dependency\glfw-3.3.2.bin.WIN64\docs\html\search\files_2.html" />
    <None Include="dependency\glfw-3.3.2.bin.WIN64\docs\html\search\files_3.html" />
    <None Include="dependency\glfw-3.3.2.bin.WIN64\docs\html\search\files_4.html" />
    <None Include="dependency\glfw-3.3.2.bin.WIN64\docs\html\search\files_5.html" />
    <None Include="dependency\glfw-3.3.2.bin.WIN64\docs\html\search\files_6.html" />
    <None Include="dependency\glfw-3.3.2.bin.WIN64\docs\html\search\files_7.html" />
    <None Include="dependency\glfw-3.3.2.bin.WIN64\docs\html\search\files_8.html" />
    <None Include="dependency\glfw-3.3.2.bin.WIN64\docs\html\search\functions_0.html" />
    <None Include="dependency\glfw-3.3.2.bin.WIN64\docs\html\search\groups_0.html" />
    <None Include="dependency\glfw-3.3.2.bin.WIN64\docs\html\search\groups_1.html" />
    <None Include="dependency\glfw-3.3.2.bin.WIN64\docs\html\search\groups_2.html" />
    <None Include="dependency\glfw-3.3.2.bin.WIN64\docs\html\search\groups_3.html" />
    <None Include="dependency\glfw-3.3.2.bin.WIN64\docs\html\search\groups_4.html" />
    <None Include="dependency\glfw-3.3.2.bin.WIN64\docs\html\search\groups_5.html" />
    <None Include="dependency\glfw-3.3.2.bin.WIN64\docs\html\search\groups_6.html" />
    <None Include="dependency\glfw-3.3.2.bin.WIN64\docs\html\search\groups_7.html" />
    <None Include="dependency\glfw-3.3.2.bin.WIN64\docs\html\search\groups_8.html" />
    <None Include="dependency\glfw-3.3.2.bin.WIN64\docs\html\search\groups_9.html" />
    <None Include="dependency\glfw-3.3.2.bin.WIN64\docs\html\search\groups_a.html" />
    <None Include="dependency\glfw-3.3.2.bin.WIN64\docs\html\search\nomatches.html" />
    <None Include="dependency\glfw-3.3.2.bin.WIN64\docs\html\search\pages_0.html" />
    <None Include="dependency\glfw-3.3.2.bin.WIN64\docs\html\search\pages_1.html" />
    <None Include="dependency\glfw-3.3.2.bin.WIN64\docs\html\search\pages_2.html" />
    <None Include="dependency\glfw-3.3.2.bin.WIN64\docs\html\search\pages_3.html" />
    <None Include="dependency\glfw-3.3.2.bin.WIN64\docs\html\search\pages_4.html" />
    <None Include="dependency\glfw-3.3.2.bin.WIN64\docs\html\search\pages_5.html" />
    <None Include="dependency\glfw-3.3.2.bin.WIN64\docs\html\search\pages_6.html" />
    <None Include="dependency\glfw-3.3.2.bin.WIN64\docs\html\search\pages_7.html" />
    <None Include="dependency\glfw-3.3.2.bin.WIN64\docs\html\search\pages_8.html" />
    <None Include="dependency\glfw-3.3.2.bin.WIN64\docs\html\search\pages_9.html" />
    <None Include="dependency\glfw-3.3.2.bin.WIN64\docs\html\search\pages_a.html" />
    <None Include="dependency\glfw-3.3.2.bin.WIN64\docs\html\search\typedefs_0.html" />
    <None Include="dependency\glfw-3.3.2.bin.WIN64\docs\html\search\variables_0.html" />
    <None Include="dependency\glfw-3.3.2.bin.WIN64\docs\html\search\variables_1.html" />
    <None Include="dependency\glfw-3.3.2.bin.WIN64\docs\html\search\variables_2.html" />
    <None Include="dependency\glfw-3.3.2.bin.WIN64\docs\html\search\variables_3.html" />
    <None Include="dependency\glfw-3.3.2.bin.WIN64\docs\html\search\variables_4.html" />
    <None Include="dependency\glfw-3.3.2.bin.WIN64\docs\html\search\variables_5.html" />
    <None Include="dependency\glfw-3.3.2.bin.WIN64\docs\html\search\variables_6.html" />
    <None Include="dependency\glfw-3.3.2.bin.WIN64\docs\html\search\variables_7.html" />
    <None Include="dependency\glfw-3.3.2.bin.WIN64\docs\html\bug.html" />
    <None Include="dependency\glfw-3.3.2.bin.WIN64\docs\html\build_8dox.html" />
    <None Include="dependency\glfw-3.3.2.bin.WIN64\docs\html\build_guide.html" />
    <None Include="dependency\glfw-3.3.2.bin.WIN64\docs\html\compat_8dox.html" />
    <None Include="dependency\glfw-3.3.2.bin.WIN64\docs\html\compat_guide.html" />
    <None Include="dependency\glfw-3.3.2.bin.WIN64\docs\html\compile_8dox.html" />
    <None Include="dependency\glfw-3.3.2.bin.WIN64\docs\html\compile_guide.html" />
    <None Include="dependency\glfw-3.3.2.bin.WIN64\docs\html\context_8dox.html" />
    <None Include="dependency\glfw-3.3.2.bin.WIN64\docs\html\context_guide.html" />
    <None Include="dependency\glfw-3.3.2.bin.WIN64\docs\html\deprecated.html" />
    <None Include="dependency\glfw-3.3.2.bin.WIN64\docs\html\dir_15a5176d7c9cc5c407ed4f611edf0684.html" />
    <None Include="dependency\glfw-3.3.2.bin.WIN64\docs\html\dir_a58ef735c5cc5a9a31d321e1abe7c42e.html" />
    <None Include="dependency\glfw-3.3.2.bin.WIN64\docs\html\dir_abae1f34c5d965773b98e3c915cdaeb5.html" />
    <None Include="dependency\glfw-3.3.2.bin.WIN64\docs\html\dir_bc6505cac00d7a6291dbfd9af70666b7.html" />
    <None Include="dependency\glfw-3.3.2.bin.WIN64\docs\html\files.html" />
    <None Include="dependency\glfw-3.3.2.bin.WIN64\docs\html\glfw3_8h.html" />
    <None Include="dependency\glfw-3.3.2.bin.WIN64\docs\html\glfw3_8h_source.html" />
    <None Include="dependency\glfw-3.3.2.bin.WIN64\docs\html\glfw3native_8h.html" />
    <None Include="dependency\glfw-3.3.2.bin.WIN64\docs\html\glfw3native_8h_source.html" />
    <None Include="dependency\glfw-3.3.2.bin.WIN64\docs\html\group__buttons.html" />
    <None Include="dependency\glfw-3.3.2.bin.WIN64\docs\html\group__context.html" />
    <None Include="dependency\glfw-3.3.2.bin.WIN64\docs\html\group__errors.html" />
    <None Include="dependency\glfw-3.3.2.bin.WIN64\docs\html\group__gamepad__axes.html" />
    <None Include="dependency\glfw-3.3.2.bin.WIN64\docs\html\group__gamepad__buttons.html" />
    <None Include="dependency\glfw-3.3.2.bin.WIN64\docs\html\group__hat__state.html" />
    <None Include="dependency\glfw-3.3.2.bin.WIN64\docs\html\group__init.html" />
    <None Include="dependency\glfw-3.3.2.bin.WIN64\docs\html\group__input.html" />
    <None Include="dependency\glfw-3.3.2.bin.WIN64\docs\html\group__joysticks.html" />
    <None Include="dependency\glfw-3.3.2.bin.WIN64\docs\html\group__keys.html" />
    <None Include="dependency\glfw-3.3.2.bin.WIN64\docs\html\group__mods.html" />
    <None Include="dependency\glfw-3.3.2.bin.WIN64\docs\html\group__monitor.html" />
    <None Include="dependency\glfw-3.3.2.bin.WIN64\docs\html\group__native.html" />
    <None Include="dependency\glfw-3.3.2.bin.WIN64\docs\html\group__shapes.html" />
    <None Include="dependency\glfw-3.3.2.bin.WIN64\docs\html\group__vulkan.html" />
    <None Include="dependency\glfw-3.3.2.bin.WIN64\docs\html\group__window.html" />
    <None Include="dependency\glfw-3.3.2.bin.WIN64\docs\html\index.html" />
    <None Include="dependency\glfw-3.3.2.bin.WIN64\docs\html\input_8dox.html" />
    <None Include="dependency\glfw-3.3.2.bin.WIN64\docs\html\input_guide.html" />
    <None Include="dependency\glfw-3.3.2.bin.WIN64\docs\html\internal_8dox.html" />
    <None Include="dependency\glfw-3.3.2.bin.WIN64\docs\html\internals_guide.html" />
    <None Include="dependency\glfw-3.3.2.bin.WIN64\docs\html\intro_8dox.html" />
    <None Include="dependency\glfw-3.3.2.bin.WIN64\docs\html\intro_guide.html" />
    <None Include="dependency\glfw-3.3.2.bin.WIN64\docs\html\main_8dox.html" />
    <None Include="dependency\glfw-3.3.2.bin.WIN64\docs\html\modules.html" />
    <None Include="dependency\glfw-3.3.2.bin.WIN64\docs\html\monitor_8dox.html" />
    <None Include="dependency\glfw-3.3.2.bin.WIN64\docs\html\monitor_guide.html" />
    <None Include="dependency\glfw-3.3.2.bin.WIN64\docs\html\moving_8dox.html" />
    <None Include="dependency\glfw-3.3.2.bin.WIN64\docs\html\moving_guide.html" />
    <None Include="dependency\glfw-3.3.2.bin.WIN64\docs\html\news.html" />
    <None Include="dependency\glfw-3.3.2.bin.WIN64\docs\html\news_8dox.html" />
    <None Include="dependency\glfw-3.3.2.bin.WIN64\docs\html\pages.html" />
    <None Include="dependency\glfw-3.3.2.bin.WIN64\docs\html\quick_8dox.html" />
    <None Include="dependency\glfw-3.3.2.bin.WIN64\docs\html\quick_guide.html" />
    <None Include="dependency\glfw-3.3.2.bin.WIN64\docs\html\structGLFWgamepadstate.html" />
    <None Include="dependency\glfw-3.3.2.bin.WIN64\docs\html\structGLFWgammaramp.html" />
    <None Include="dependency\glfw-3.3.2.bin.WIN64\docs\html\structGLFWimage.html" />
    <None Include="dependency\glfw-3.3.2.bin.WIN64\docs\html\structGLFWvidmode.html" />
    <None Include="dependency\glfw-3.3.2.bin.WIN64\docs\html\vulkan_8dox.html" />
    <None Include="dependency\glfw-3.3.2.bin.WIN64\docs\html\vulkan_guide.html" />
    <None Include="dependency\glfw-3.3.2.bin.WIN64\docs\html\window_8dox.html" />
    <None Include="dependency\glfw-3.3.2.bin.WIN64\docs\html\window_guide.html" />
    <None Include="Source\Helper\DeferredConstant\.git" />
    <None Include="Source\Helper\DeferredConstant\README.md" />
    <None Include="Source\Helper\std_future_wrapper\.git" />
    <None Include="Source\Helper\std_future_wrapper\README.md" />
    <None Include="Source\Helper\ForLoop_Compile_Time\.git" />
    <None Include="Source\Helper\ForLoop_Compile_Time\README.md" />
    <None Include="..\README.md" />
    <None Include="Source\Helper\vector_erase_move_lastelement\README.md" />
    <None Include="Assets\Shader\common\uniforms.txt" />
    <None Include="Assets\Shader\common\shadows.txt" />
    <None Include="Assets\Shader\common\sampling.txt" />
    <None Include="Assets\Shader\common\reflections.txt" />
    <None Include="Assets\Shader\common\random.txt" />
    <None Include="Assets\Shader\common\constants.txt" />
    <None Include="Assets\Shader\common\brdf.txt" />
    <None Include="Assets\Shader\Default\DefaultShader.glsl" />
    <None Include="Assets\Shader\Default\equirect2cube_cs.glsl" />
    <None Include="Assets\Shader\Default\irmap_cs.glsl" />
    <None Include="Assets\Shader\Default\pbr_fs.glsl" />
    <None Include="Assets\Shader\Default\skybox_fs.glsl" />
    <None Include="Assets\Shader\Default\skybox_vs.glsl" />
    <None Include="Assets\Shader\Default\spbrdf_cs.glsl" />
    <None Include="Assets\Shader\Default\spmap_cs.glsl" />
    <None Include="Assets\Shader\Default\tonemap_fs.glsl" />
    <None Include="Assets\Shader\Default\tonemap_vs.glsl" />
    <None Include="Assets\Shader\Default\pbr.glsl" />
    <None Include="Assets\Shader\Default\GbufferWriter.glsl" />
    <None Include="Assets\Shader\Default\GbufferDrawer.glsl" />
    <None Include="Assets\Shader\Default\GbufferWriter_PBR.glsl" />
    <None Include="Assets\Shader\Default\Debug2DShader.glsl" />
    <None Include="Assets\Shader\Default\Debug3DShader.glsl" />
    <None Include="..\CodingRule.md" />
    <None Include="Source\Helper\EasyDirtyChecker\README.md" />
    <None Include="Assets\Shader\Default\Default2DTextureShader.glsl" />
    <None Include="Assets\Shader\Default\Default2DColorShader.glsl" />
    <None Include="Assets\Shader\Default\OcclusionCullingBoundingBox.glsl" />
    <None Include="Source\Core\Math\LightMath_Cpp\LICENSE" />
    <None Include="Source\Core\Math\LightMath_Cpp\Matrix4x4Float_Aligned.inl">
      <Filter>Header Files</Filter>
    </None>
    <None Include="Source\Core\Math\LightMath_Cpp\README.md" />
    <None Include="Source\Core\Math\LightMath_Cpp\Vector4Float_Aligned.inl">
      <Filter>Header Files</Filter>
    </None>
    <None Include="Source\Core\ResourceManagement\JobSystem_cpp\MultithreadingJobSystemStrategy.md" />
  </ItemGroup>
  <ItemGroup>
    <Text Include="Source\Core\Graphics\ReadThis!!!!.txt" />
    <Text Include="Source\Core\Graphics\Acceleration\Culling.md" />
  </ItemGroup>
</Project>